
Microsoft Visual Studio Solution File, Format Version 12.00
# Visual Studio Version 16
VisualStudioVersion = 16.0.31424.327
MinimumVisualStudioVersion = 10.0.40219.1
Project("{FAE04EC0-301F-11D3-BF4B-00C04F79EFBC}") = "Gestion de inventario!", "Gestion de inventario!\Gestion de inventario!.csproj", "{77146734-BDAE-44D3-8121-05B45A6D297C}"
EndProject
Global
	GlobalSection(SolutionConfigurationPlatforms) = preSolution
		Debug|Any CPU = Debug|Any CPU
		Release|Any CPU = Release|Any CPU
	EndGlobalSection
	GlobalSection(ProjectConfigurationPlatforms) = postSolution
		{77146734-BDAE-44D3-8121-05B45A6D297C}.Debug|Any CPU.ActiveCfg = Debug|Any CPU
		{77146734-BDAE-44D3-8121-05B45A6D297C}.Debug|Any CPU.Build.0 = Debug|Any CPU
		{77146734-BDAE-44D3-8121-05B45A6D297C}.Release|Any CPU.ActiveCfg = Release|Any CPU
		{77146734-BDAE-44D3-8121-05B45A6D297C}.Release|Any CPU.Build.0 = Release|Any CPU
	EndGlobalSection
	GlobalSection(SolutionProperties) = preSolution
		HideSolutionNode = FALSE
	EndGlobalSection
	GlobalSection(ExtensibilityGlobals) = postSolution
		SolutionGuid = {2FEF24FF-67D9-45D8-9F35-53D0FEF301C6}
	EndGlobalSection
EndGlobal
